// !$*UTF8*$!
{
	archiveVersion = 1;
	classes = {
	};
	objectVersion = 46;
	objects = {

/* Begin PBXBuildFile section */
		45A1282A1EBEB22B00617E86 /* main.m in Sources */ = {isa = PBXBuildFile; fileRef = 45A128291EBEB22B00617E86 /* main.m */; };
		45A1282D1EBEB22B00617E86 /* AppDelegate.m in Sources */ = {isa = PBXBuildFile; fileRef = 45A1282C1EBEB22B00617E86 /* AppDelegate.m */; };
		45A128301EBEB22B00617E86 /* ViewController.m in Sources */ = {isa = PBXBuildFile; fileRef = 45A1282F1EBEB22B00617E86 /* ViewController.m */; };
		45A128331EBEB22B00617E86 /* Main.storyboard in Resources */ = {isa = PBXBuildFile; fileRef = 45A128311EBEB22B00617E86 /* Main.storyboard */; };
		45A128361EBEB22B00617E86 /* SpeechTest.xcdatamodeld in Sources */ = {isa = PBXBuildFile; fileRef = 45A128341EBEB22B00617E86 /* SpeechTest.xcdatamodeld */; };
		45A128381EBEB22B00617E86 /* Assets.xcassets in Resources */ = {isa = PBXBuildFile; fileRef = 45A128371EBEB22B00617E86 /* Assets.xcassets */; };
		45A1283B1EBEB22B00617E86 /* LaunchScreen.storyboard in Resources */ = {isa = PBXBuildFile; fileRef = 45A128391EBEB22B00617E86 /* LaunchScreen.storyboard */; };
		45A128461EBEB22B00617E86 /* SpeechTestTests.m in Sources */ = {isa = PBXBuildFile; fileRef = 45A128451EBEB22B00617E86 /* SpeechTestTests.m */; };
		45A128511EBEB22B00617E86 /* SpeechTestUITests.m in Sources */ = {isa = PBXBuildFile; fileRef = 45A128501EBEB22B00617E86 /* SpeechTestUITests.m */; };
/* End PBXBuildFile section */

/* Begin PBXContainerItemProxy section */
		45A128421EBEB22B00617E86 /* PBXContainerItemProxy */ = {
			isa = PBXContainerItemProxy;
			containerPortal = 45A1281D1EBEB22B00617E86 /* Project object */;
			proxyType = 1;
			remoteGlobalIDString = 45A128241EBEB22B00617E86;
			remoteInfo = SpeechTest;
		};
		45A1284D1EBEB22B00617E86 /* PBXContainerItemProxy */ = {
			isa = PBXContainerItemProxy;
			containerPortal = 45A1281D1EBEB22B00617E86 /* Project object */;
			proxyType = 1;
			remoteGlobalIDString = 45A128241EBEB22B00617E86;
			remoteInfo = SpeechTest;
		};
/* End PBXContainerItemProxy section */

/* Begin PBXFileReference section */
		45A128251EBEB22B00617E86 /* SpeechTest.app */ = {isa = PBXFileReference; explicitFileType = wrapper.application; includeInIndex = 0; path = SpeechTest.app; sourceTree = BUILT_PRODUCTS_DIR; };
		45A128291EBEB22B00617E86 /* main.m */ = {isa = PBXFileReference; lastKnownFileType = sourcecode.c.objc; path = main.m; sourceTree = "<group>"; };
		45A1282B1EBEB22B00617E86 /* AppDelegate.h */ = {isa = PBXFileReference; lastKnownFileType = sourcecode.c.h; path = AppDelegate.h; sourceTree = "<group>"; };
		45A1282C1EBEB22B00617E86 /* AppDelegate.m */ = {isa = PBXFileReference; lastKnownFileType = sourcecode.c.objc; path = AppDelegate.m; sourceTree = "<group>"; };
		45A1282E1EBEB22B00617E86 /* ViewController.h */ = {isa = PBXFileReference; lastKnownFileType = sourcecode.c.h; path = ViewController.h; sourceTree = "<group>"; };
		45A1282F1EBEB22B00617E86 /* ViewController.m */ = {isa = PBXFileReference; lastKnownFileType = sourcecode.c.objc; path = ViewController.m; sourceTree = "<group>"; };
		45A128321EBEB22B00617E86 /* Base */ = {isa = PBXFileReference; lastKnownFileType = file.storyboard; name = Base; path = Base.lproj/Main.storyboard; sourceTree = "<group>"; };
		45A128351EBEB22B00617E86 /* SpeechTest.xcdatamodel */ = {isa = PBXFileReference; lastKnownFileType = wrapper.xcdatamodel; path = SpeechTest.xcdatamodel; sourceTree = "<group>"; };
		45A128371EBEB22B00617E86 /* Assets.xcassets */ = {isa = PBXFileReference; lastKnownFileType = folder.assetcatalog; path = Assets.xcassets; sourceTree = "<group>"; };
		45A1283A1EBEB22B00617E86 /* Base */ = {isa = PBXFileReference; lastKnownFileType = file.storyboard; name = Base; path = Base.lproj/LaunchScreen.storyboard; sourceTree = "<group>"; };
		45A1283C1EBEB22B00617E86 /* Info.plist */ = {isa = PBXFileReference; lastKnownFileType = text.plist.xml; path = Info.plist; sourceTree = "<group>"; };
		45A128411EBEB22B00617E86 /* SpeechTestTests.xctest */ = {isa = PBXFileReference; explicitFileType = wrapper.cfbundle; includeInIndex = 0; path = SpeechTestTests.xctest; sourceTree = BUILT_PRODUCTS_DIR; };
		45A128451EBEB22B00617E86 /* SpeechTestTests.m */ = {isa = PBXFileReference; lastKnownFileType = sourcecode.c.objc; path = SpeechTestTests.m; sourceTree = "<group>"; };
		45A128471EBEB22B00617E86 /* Info.plist */ = {isa = PBXFileReference; lastKnownFileType = text.plist.xml; path = Info.plist; sourceTree = "<group>"; };
		45A1284C1EBEB22B00617E86 /* SpeechTestUITests.xctest */ = {isa = PBXFileReference; explicitFileType = wrapper.cfbundle; includeInIndex = 0; path = SpeechTestUITests.xctest; sourceTree = BUILT_PRODUCTS_DIR; };
		45A128501EBEB22B00617E86 /* SpeechTestUITests.m */ = {isa = PBXFileReference; lastKnownFileType = sourcecode.c.objc; path = SpeechTestUITests.m; sourceTree = "<group>"; };
		45A128521EBEB22B00617E86 /* Info.plist */ = {isa = PBXFileReference; lastKnownFileType = text.plist.xml; path = Info.plist; sourceTree = "<group>"; };
/* End PBXFileReference section */

/* Begin PBXFrameworksBuildPhase section */
		45A128221EBEB22B00617E86 /* Frameworks */ = {
			isa = PBXFrameworksBuildPhase;
			buildActionMask = 2147483647;
			files = (
			);
			runOnlyForDeploymentPostprocessing = 0;
		};
		45A1283E1EBEB22B00617E86 /* Frameworks */ = {
			isa = PBXFrameworksBuildPhase;
			buildActionMask = 2147483647;
			files = (
			);
			runOnlyForDeploymentPostprocessing = 0;
		};
		45A128491EBEB22B00617E86 /* Frameworks */ = {
			isa = PBXFrameworksBuildPhase;
			buildActionMask = 2147483647;
			files = (
			);
			runOnlyForDeploymentPostprocessing = 0;
		};
/* End PBXFrameworksBuildPhase section */

/* Begin PBXGroup section */
		45A1281C1EBEB22B00617E86 = {
			isa = PBXGroup;
			children = (
				45A128271EBEB22B00617E86 /* SpeechTest */,
				45A128441EBEB22B00617E86 /* SpeechTestTests */,
				45A1284F1EBEB22B00617E86 /* SpeechTestUITests */,
				45A128261EBEB22B00617E86 /* Products */,
			);
			sourceTree = "<group>";
		};
		45A128261EBEB22B00617E86 /* Products */ = {
			isa = PBXGroup;
			children = (
				45A128251EBEB22B00617E86 /* SpeechTest.app */,
				45A128411EBEB22B00617E86 /* SpeechTestTests.xctest */,
				45A1284C1EBEB22B00617E86 /* SpeechTestUITests.xctest */,
			);
			name = Products;
			sourceTree = "<group>";
		};
		45A128271EBEB22B00617E86 /* SpeechTest */ = {
			isa = PBXGroup;
			children = (
				45A1282B1EBEB22B00617E86 /* AppDelegate.h */,
				45A1282C1EBEB22B00617E86 /* AppDelegate.m */,
				45A1282E1EBEB22B00617E86 /* ViewController.h */,
				45A1282F1EBEB22B00617E86 /* ViewController.m */,
				45A128311EBEB22B00617E86 /* Main.storyboard */,
				45A128371EBEB22B00617E86 /* Assets.xcassets */,
				45A128391EBEB22B00617E86 /* LaunchScreen.storyboard */,
				45A1283C1EBEB22B00617E86 /* Info.plist */,
				45A128341EBEB22B00617E86 /* SpeechTest.xcdatamodeld */,
				45A128281EBEB22B00617E86 /* Supporting Files */,
			);
			path = SpeechTest;
			sourceTree = "<group>";
		};
		45A128281EBEB22B00617E86 /* Supporting Files */ = {
			isa = PBXGroup;
			children = (
				45A128291EBEB22B00617E86 /* main.m */,
			);
			name = "Supporting Files";
			sourceTree = "<group>";
		};
		45A128441EBEB22B00617E86 /* SpeechTestTests */ = {
			isa = PBXGroup;
			children = (
				45A128451EBEB22B00617E86 /* SpeechTestTests.m */,
				45A128471EBEB22B00617E86 /* Info.plist */,
			);
			path = SpeechTestTests;
			sourceTree = "<group>";
		};
		45A1284F1EBEB22B00617E86 /* SpeechTestUITests */ = {
			isa = PBXGroup;
			children = (
				45A128501EBEB22B00617E86 /* SpeechTestUITests.m */,
				45A128521EBEB22B00617E86 /* Info.plist */,
			);
			path = SpeechTestUITests;
			sourceTree = "<group>";
		};
/* End PBXGroup section */

/* Begin PBXNativeTarget section */
		45A128241EBEB22B00617E86 /* SpeechTest */ = {
			isa = PBXNativeTarget;
			buildConfigurationList = 45A128551EBEB22B00617E86 /* Build configuration list for PBXNativeTarget "SpeechTest" */;
			buildPhases = (
				45A128211EBEB22B00617E86 /* Sources */,
				45A128221EBEB22B00617E86 /* Frameworks */,
				45A128231EBEB22B00617E86 /* Resources */,
			);
			buildRules = (
			);
			dependencies = (
			);
			name = SpeechTest;
			productName = SpeechTest;
			productReference = 45A128251EBEB22B00617E86 /* SpeechTest.app */;
			productType = "com.apple.product-type.application";
		};
		45A128401EBEB22B00617E86 /* SpeechTestTests */ = {
			isa = PBXNativeTarget;
			buildConfigurationList = 45A128581EBEB22B00617E86 /* Build configuration list for PBXNativeTarget "SpeechTestTests" */;
			buildPhases = (
				45A1283D1EBEB22B00617E86 /* Sources */,
				45A1283E1EBEB22B00617E86 /* Frameworks */,
				45A1283F1EBEB22B00617E86 /* Resources */,
			);
			buildRules = (
			);
			dependencies = (
				45A128431EBEB22B00617E86 /* PBXTargetDependency */,
			);
			name = SpeechTestTests;
			productName = SpeechTestTests;
			productReference = 45A128411EBEB22B00617E86 /* SpeechTestTests.xctest */;
			productType = "com.apple.product-type.bundle.unit-test";
		};
		45A1284B1EBEB22B00617E86 /* SpeechTestUITests */ = {
			isa = PBXNativeTarget;
			buildConfigurationList = 45A1285B1EBEB22B00617E86 /* Build configuration list for PBXNativeTarget "SpeechTestUITests" */;
			buildPhases = (
				45A128481EBEB22B00617E86 /* Sources */,
				45A128491EBEB22B00617E86 /* Frameworks */,
				45A1284A1EBEB22B00617E86 /* Resources */,
			);
			buildRules = (
			);
			dependencies = (
				45A1284E1EBEB22B00617E86 /* PBXTargetDependency */,
			);
			name = SpeechTestUITests;
			productName = SpeechTestUITests;
			productReference = 45A1284C1EBEB22B00617E86 /* SpeechTestUITests.xctest */;
			productType = "com.apple.product-type.bundle.ui-testing";
		};
/* End PBXNativeTarget section */

/* Begin PBXProject section */
		45A1281D1EBEB22B00617E86 /* Project object */ = {
			isa = PBXProject;
			attributes = {
				LastUpgradeCheck = 0830;
				ORGANIZATIONNAME = "Boris Polania";
				TargetAttributes = {
					45A128241EBEB22B00617E86 = {
						CreatedOnToolsVersion = 8.0;
						DevelopmentTeam = ZRG2J3VTE5;
						ProvisioningStyle = Automatic;
					};
					45A128401EBEB22B00617E86 = {
						CreatedOnToolsVersion = 8.0;
						DevelopmentTeam = ZRG2J3VTE5;
						ProvisioningStyle = Automatic;
						TestTargetID = 45A128241EBEB22B00617E86;
					};
					45A1284B1EBEB22B00617E86 = {
						CreatedOnToolsVersion = 8.0;
						DevelopmentTeam = ZRG2J3VTE5;
						ProvisioningStyle = Automatic;
						TestTargetID = 45A128241EBEB22B00617E86;
					};
				};
			};
			buildConfigurationList = 45A128201EBEB22B00617E86 /* Build configuration list for PBXProject "SpeechTest" */;
			compatibilityVersion = "Xcode 3.2";
			developmentRegion = English;
			hasScannedForEncodings = 0;
			knownRegions = (
				en,
				Base,
			);
			mainGroup = 45A1281C1EBEB22B00617E86;
			productRefGroup = 45A128261EBEB22B00617E86 /* Products */;
			projectDirPath = "";
			projectRoot = "";
			targets = (
				45A128241EBEB22B00617E86 /* SpeechTest */,
				45A128401EBEB22B00617E86 /* SpeechTestTests */,
				45A1284B1EBEB22B00617E86 /* SpeechTestUITests */,
			);
		};
/* End PBXProject section */

/* Begin PBXResourcesBuildPhase section */
		45A128231EBEB22B00617E86 /* Resources */ = {
			isa = PBXResourcesBuildPhase;
			buildActionMask = 2147483647;
			files = (
				45A1283B1EBEB22B00617E86 /* LaunchScreen.storyboard in Resources */,
				45A128381EBEB22B00617E86 /* Assets.xcassets in Resources */,
				45A128331EBEB22B00617E86 /* Main.storyboard in Resources */,
			);
			runOnlyForDeploymentPostprocessing = 0;
		};
		45A1283F1EBEB22B00617E86 /* Resources */ = {
			isa = PBXResourcesBuildPhase;
			buildActionMask = 2147483647;
			files = (
			);
			runOnlyForDeploymentPostprocessing = 0;
		};
		45A1284A1EBEB22B00617E86 /* Resources */ = {
			isa = PBXResourcesBuildPhase;
			buildActionMask = 2147483647;
			files = (
			);
			runOnlyForDeploymentPostprocessing = 0;
		};
/* End PBXResourcesBuildPhase section */

/* Begin PBXSourcesBuildPhase section */
		45A128211EBEB22B00617E86 /* Sources */ = {
			isa = PBXSourcesBuildPhase;
			buildActionMask = 2147483647;
			files = (
				45A128301EBEB22B00617E86 /* ViewController.m in Sources */,
				45A1282D1EBEB22B00617E86 /* AppDelegate.m in Sources */,
				45A1282A1EBEB22B00617E86 /* main.m in Sources */,
				45A128361EBEB22B00617E86 /* SpeechTest.xcdatamodeld in Sources */,
			);
			runOnlyForDeploymentPostprocessing = 0;
		};
		45A1283D1EBEB22B00617E86 /* Sources */ = {
			isa = PBXSourcesBuildPhase;
			buildActionMask = 2147483647;
			files = (
				45A128461EBEB22B00617E86 /* SpeechTestTests.m in Sources */,
			);
			runOnlyForDeploymentPostprocessing = 0;
		};
		45A128481EBEB22B00617E86 /* Sources */ = {
			isa = PBXSourcesBuildPhase;
			buildActionMask = 2147483647;
			files = (
				45A128511EBEB22B00617E86 /* SpeechTestUITests.m in Sources */,
			);
			runOnlyForDeploymentPostprocessing = 0;
		};
/* End PBXSourcesBuildPhase section */

/* Begin PBXTargetDependency section */
		45A128431EBEB22B00617E86 /* PBXTargetDependency */ = {
			isa = PBXTargetDependency;
			target = 45A128241EBEB22B00617E86 /* SpeechTest */;
			targetProxy = 45A128421EBEB22B00617E86 /* PBXContainerItemProxy */;
		};
		45A1284E1EBEB22B00617E86 /* PBXTargetDependency */ = {
			isa = PBXTargetDependency;
			target = 45A128241EBEB22B00617E86 /* SpeechTest */;
			targetProxy = 45A1284D1EBEB22B00617E86 /* PBXContainerItemProxy */;
		};
/* End PBXTargetDependency section */

/* Begin PBXVariantGroup section */
		45A128311EBEB22B00617E86 /* Main.storyboard */ = {
			isa = PBXVariantGroup;
			children = (
				45A128321EBEB22B00617E86 /* Base */,
			);
			name = Main.storyboard;
			sourceTree = "<group>";
		};
		45A128391EBEB22B00617E86 /* LaunchScreen.storyboard */ = {
			isa = PBXVariantGroup;
			children = (
				45A1283A1EBEB22B00617E86 /* Base */,
			);
			name = LaunchScreen.storyboard;
			sourceTree = "<group>";
		};
/* End PBXVariantGroup section */

/* Begin XCBuildConfiguration section */
		45A128531EBEB22B00617E86 /* Debug */ = {
			isa = XCBuildConfiguration;
			buildSettings = {
				ALWAYS_SEARCH_USER_PATHS = NO;
				CLANG_ANALYZER_NONNULL = YES;
				CLANG_CXX_LANGUAGE_STANDARD = "gnu++0x";
				CLANG_CXX_LIBRARY = "libc++";
				CLANG_ENABLE_MODULES = YES;
				CLANG_ENABLE_OBJC_ARC = YES;
				CLANG_WARN_BOOL_CONVERSION = YES;
				CLANG_WARN_CONSTANT_CONVERSION = YES;
				CLANG_WARN_DIRECT_OBJC_ISA_USAGE = YES_ERROR;
				CLANG_WARN_DOCUMENTATION_COMMENTS = YES;
				CLANG_WARN_EMPTY_BODY = YES;
				CLANG_WARN_ENUM_CONVERSION = YES;
				CLANG_WARN_INFINITE_RECURSION = YES;
				CLANG_WARN_INT_CONVERSION = YES;
				CLANG_WARN_OBJC_ROOT_CLASS = YES_ERROR;
				CLANG_WARN_SUSPICIOUS_MOVE = YES;
				CLANG_WARN_SUSPICIOUS_MOVES = YES;
				CLANG_WARN_UNREACHABLE_CODE = YES;
				CLANG_WARN__DUPLICATE_METHOD_MATCH = YES;
				"CODE_SIGN_IDENTITY[sdk=iphoneos*]" = "iPhone Developer";
				COPY_PHASE_STRIP = NO;
				DEBUG_INFORMATION_FORMAT = dwarf;
				ENABLE_STRICT_OBJC_MSGSEND = YES;
				ENABLE_TESTABILITY = YES;
				GCC_C_LANGUAGE_STANDARD = gnu99;
				GCC_DYNAMIC_NO_PIC = NO;
				GCC_NO_COMMON_BLOCKS = YES;
				GCC_OPTIMIZATION_LEVEL = 0;
				GCC_PREPROCESSOR_DEFINITIONS = (
					"DEBUG=1",
					"$(inherited)",
				);
				GCC_WARN_64_TO_32_BIT_CONVERSION = YES;
				GCC_WARN_ABOUT_RETURN_TYPE = YES_ERROR;
				GCC_WARN_UNDECLARED_SELECTOR = YES;
				GCC_WARN_UNINITIALIZED_AUTOS = YES_AGGRESSIVE;
				GCC_WARN_UNUSED_FUNCTION = YES;
				GCC_WARN_UNUSED_VARIABLE = YES;
				IPHONEOS_DEPLOYMENT_TARGET = 10.0;
				MTL_ENABLE_DEBUG_INFO = YES;
				ONLY_ACTIVE_ARCH = YES;
				SDKROOT = iphoneos;
				TARGETED_DEVICE_FAMILY = "1,2";
			};
			name = Debug;
		};
		45A128541EBEB22B00617E86 /* Release */ = {
			isa = XCBuildConfiguration;
			buildSettings = {
				ALWAYS_SEARCH_USER_PATHS = NO;
				CLANG_ANALYZER_NONNULL = YES;
				CLANG_CXX_LANGUAGE_STANDARD = "gnu++0x";
				CLANG_CXX_LIBRARY = "libc++";
				CLANG_ENABLE_MODULES = YES;
				CLANG_ENABLE_OBJC_ARC = YES;
				CLANG_WARN_BOOL_CONVERSION = YES;
				CLANG_WARN_CONSTANT_CONVERSION = YES;
				CLANG_WARN_DIRECT_OBJC_ISA_USAGE = YES_ERROR;
				CLANG_WARN_DOCUMENTATION_COMMENTS = YES;
				CLANG_WARN_EMPTY_BODY = YES;
				CLANG_WARN_ENUM_CONVERSION = YES;
				CLANG_WARN_INFINITE_RECURSION = YES;
				CLANG_WARN_INT_CONVERSION = YES;
				CLANG_WARN_OBJC_ROOT_CLASS = YES_ERROR;
				CLANG_WARN_SUSPICIOUS_MOVE = YES;
				CLANG_WARN_SUSPICIOUS_MOVES = YES;
				CLANG_WARN_UNREACHABLE_CODE = YES;
				CLANG_WARN__DUPLICATE_METHOD_MATCH = YES;
				"CODE_SIGN_IDENTITY[sdk=iphoneos*]" = "iPhone Developer";
				COPY_PHASE_STRIP = NO;
				DEBUG_INFORMATION_FORMAT = "dwarf-with-dsym";
				ENABLE_NS_ASSERTIONS = NO;
				ENABLE_STRICT_OBJC_MSGSEND = YES;
				GCC_C_LANGUAGE_STANDARD = gnu99;
				GCC_NO_COMMON_BLOCKS = YES;
				GCC_WARN_64_TO_32_BIT_CONVERSION = YES;
				GCC_WARN_ABOUT_RETURN_TYPE = YES_ERROR;
				GCC_WARN_UNDECLARED_SELECTOR = YES;
				GCC_WARN_UNINITIALIZED_AUTOS = YES_AGGRESSIVE;
				GCC_WARN_UNUSED_FUNCTION = YES;
				GCC_WARN_UNUSED_VARIABLE = YES;
				IPHONEOS_DEPLOYMENT_TARGET = 10.0;
				MTL_ENABLE_DEBUG_INFO = NO;
				SDKROOT = iphoneos;
				TARGETED_DEVICE_FAMILY = "1,2";
				VALIDATE_PRODUCT = YES;
			};
			name = Release;
		};
		45A128561EBEB22B00617E86 /* Debug */ = {
			isa = XCBuildConfiguration;
			buildSettings = {
				ASSETCATALOG_COMPILER_APPICON_NAME = AppIcon;
				DEVELOPMENT_TEAM = ZRG2J3VTE5;
				INFOPLIST_FILE = SpeechTest/Info.plist;
				LD_RUNPATH_SEARCH_PATHS = "$(inherited) @executable_path/Frameworks";
				PRODUCT_BUNDLE_IDENTIFIER = com.bp.SpeechTest;
				PRODUCT_NAME = "$(TARGET_NAME)";
			};
			name = Debug;
		};
		45A128571EBEB22B00617E86 /* Release */ = {
			isa = XCBuildConfiguration;
			buildSettings = {
				ASSETCATALOG_COMPILER_APPICON_NAME = AppIcon;
				DEVELOPMENT_TEAM = ZRG2J3VTE5;
				INFOPLIST_FILE = SpeechTest/Info.plist;
				LD_RUNPATH_SEARCH_PATHS = "$(inherited) @executable_path/Frameworks";
				PRODUCT_BUNDLE_IDENTIFIER = com.bp.SpeechTest;
				PRODUCT_NAME = "$(TARGET_NAME)";
			};
			name = Release;
		};
		45A128591EBEB22B00617E86 /* Debug */ = {
			isa = XCBuildConfiguration;
			buildSettings = {
				BUNDLE_LOADER = "$(TEST_HOST)";
				DEVELOPMENT_TEAM = ZRG2J3VTE5;
				INFOPLIST_FILE = SpeechTestTests/Info.plist;
				LD_RUNPATH_SEARCH_PATHS = "$(inherited) @executable_path/Frameworks @loader_path/Frameworks";
				PRODUCT_BUNDLE_IDENTIFIER = com.bp.SpeechTestTests;
				PRODUCT_NAME = "$(TARGET_NAME)";
				TEST_HOST = "$(BUILT_PRODUCTS_DIR)/SpeechTest.app/SpeechTest";
			};
			name = Debug;
		};
		45A1285A1EBEB22B00617E86 /* Release */ = {
			isa = XCBuildConfiguration;
			buildSettings = {
				BUNDLE_LOADER = "$(TEST_HOST)";
				DEVELOPMENT_TEAM = ZRG2J3VTE5;
				INFOPLIST_FILE = SpeechTestTests/Info.plist;
				LD_RUNPATH_SEARCH_PATHS = "$(inherited) @executable_path/Frameworks @loader_path/Frameworks";
				PRODUCT_BUNDLE_IDENTIFIER = com.bp.SpeechTestTests;
				PRODUCT_NAME = "$(TARGET_NAME)";
				TEST_HOST = "$(BUILT_PRODUCTS_DIR)/SpeechTest.app/SpeechTest";
			};
			name = Release;
		};
		45A1285C1EBEB22B00617E86 /* Debug */ = {
			isa = XCBuildConfiguration;
			buildSettings = {
				DEVELOPMENT_TEAM = ZRG2J3VTE5;
				INFOPLIST_FILE = SpeechTestUITests/Info.plist;
				LD_RUNPATH_SEARCH_PATHS = "$(inherited) @executable_path/Frameworks @loader_path/Frameworks";
				PRODUCT_BUNDLE_IDENTIFIER = com.bp.SpeechTestUITests;
				PRODUCT_NAME = "$(TARGET_NAME)";
				TEST_TARGET_NAME = SpeechTest;
			};
			name = Debug;
		};
		45A1285D1EBEB22B00617E86 /* Release */ = {
			isa = XCBuildConfiguration;
			buildSettings = {
				DEVELOPMENT_TEAM = ZRG2J3VTE5;
				INFOPLIST_FILE = SpeechTestUITests/Info.plist;
				LD_RUNPATH_SEARCH_PATHS = "$(inherited) @executable_path/Frameworks @loader_path/Frameworks";
				PRODUCT_BUNDLE_IDENTIFIER = com.bp.SpeechTestUITests;
				PRODUCT_NAME = "$(TARGET_NAME)";
				TEST_TARGET_NAME = SpeechTest;
			};
			name = Release;
		};
/* End XCBuildConfiguration section */

/* Begin XCConfigurationList section */
		45A128201EBEB22B00617E86 /* Build configuration list for PBXProject "SpeechTest" */ = {
			isa = XCConfigurationList;
			buildConfigurations = (
				45A128531EBEB22B00617E86 /* Debug */,
				45A128541EBEB22B00617E86 /* Release */,
			);
			defaultConfigurationIsVisible = 0;
			defaultConfigurationName = Release;
		};
		45A128551EBEB22B00617E86 /* Build configuration list for PBXNativeTarget "SpeechTest" */ = {
			isa = XCConfigurationList;
			buildConfigurations = (
				45A128561EBEB22B00617E86 /* Debug */,
				45A128571EBEB22B00617E86 /* Release */,
			);
			defaultConfigurationIsVisible = 0;
			defaultConfigurationName = Release;
		};
		45A128581EBEB22B00617E86 /* Build configuration list for PBXNativeTarget "SpeechTestTests" */ = {
			isa = XCConfigurationList;
			buildConfigurations = (
				45A128591EBEB22B00617E86 /* Debug */,
				45A1285A1EBEB22B00617E86 /* Release */,
			);
			defaultConfigurationIsVisible = 0;
			defaultConfigurationName = Release;
		};
		45A1285B1EBEB22B00617E86 /* Build configuration list for PBXNativeTarget "SpeechTestUITests" */ = {
			isa = XCConfigurationList;
			buildConfigurations = (
				45A1285C1EBEB22B00617E86 /* Debug */,
				45A1285D1EBEB22B00617E86 /* Release */,
			);
			defaultConfigurationIsVisible = 0;
			defaultConfigurationName = Release;
		};
/* End XCConfigurationList section */

/* Begin XCVersionGroup section */
		45A128341EBEB22B00617E86 /* SpeechTest.xcdatamodeld */ = {
			isa = XCVersionGroup;
			children = (
				45A128351EBEB22B00617E86 /* SpeechTest.xcdatamodel */,
			);
			currentVersion = 45A128351EBEB22B00617E86 /* SpeechTest.xcdatamodel */;
			path = SpeechTest.xcdatamodeld;
			sourceTree = "<group>";
			versionGroupType = wrapper.xcdatamodel;
		};
/* End XCVersionGroup section */
	};
	rootObject = 45A1281D1EBEB22B00617E86 /* Project object */;
}
